
Microsoft Visual Studio Solution File, Format Version 12.00
# Visual Studio 15
VisualStudioVersion = 15.0.28307.438
MinimumVisualStudioVersion = 10.0.40219.1
Project("{FAE04EC0-301F-11D3-BF4B-00C04F79EFBC}") = "KnapsackVisualizer", "KnapsackVisualizer\KnapsackVisualizer.csproj", "{FD09B984-9EA9-449B-85B8-019B6EE406BB}"
EndProject
Global
	GlobalSection(SolutionConfigurationPlatforms) = preSolution
		Debug|Any CPU = Debug|Any CPU
		Release|Any CPU = Release|Any CPU
	EndGlobalSection
	GlobalSection(ProjectConfigurationPlatforms) = postSolution
		{FD09B984-9EA9-449B-85B8-019B6EE406BB}.Debug|Any CPU.ActiveCfg = Debug|Any CPU
		{FD09B984-9EA9-449B-85B8-019B6EE406BB}.Debug|Any CPU.Build.0 = Debug|Any CPU
		{FD09B984-9EA9-449B-85B8-019B6EE406BB}.Release|Any CPU.ActiveCfg = Release|Any CPU
		{FD09B984-9EA9-449B-85B8-019B6EE406BB}.Release|Any CPU.Build.0 = Release|Any CPU
	EndGlobalSection
	GlobalSection(SolutionProperties) = preSolution
		HideSolutionNode = FALSE
	EndGlobalSection
	GlobalSection(ExtensibilityGlobals) = postSolution
		SolutionGuid = {3AB89461-906C-44CC-9C0E-7E51B0463D6F}
	EndGlobalSection
EndGlobal
